// !$*UTF8*$!
{
	archiveVersion = 1;
	classes = {
	};
	objectVersion = 56;
	objects = {

/* Begin PBXBuildFile section */
		3D378D732E0357980014DB12 /* Task.swift in Sources */ = {isa = PBXBuildFile; fileRef = 3D378D722E0357980014DB12 /* Task.swift */; };
		3D378D752E0357B10014DB12 /* TaskViewModel.swift in Sources */ = {isa = PBXBuildFile; fileRef = 3D378D742E0357B10014DB12 /* TaskViewModel.swift */; };
		3D9AA9322E034C0900F28F7C /* TestOnMacApp.swift in Sources */ = {isa = PBXBuildFile; fileRef = 3D9AA9312E034C0900F28F7C /* TestOnMacApp.swift */; };
		3D9AA9342E034C0900F28F7C /* ContentView.swift in Sources */ = {isa = PBXBuildFile; fileRef = 3D9AA9332E034C0900F28F7C /* ContentView.swift */; };
		3D9AA9362E034C0A00F28F7C /* Assets.xcassets in Resources */ = {isa = PBXBuildFile; fileRef = 3D9AA9352E034C0A00F28F7C /* Assets.xcassets */; };
		3D9AA93A2E034C0A00F28F7C /* Preview Assets.xcassets in Resources */ = {isa = PBXBuildFile; fileRef = 3D9AA9392E034C0A00F28F7C /* Preview Assets.xcassets */; };
		3D9AA9442E034C0B00F28F7C /* TestOnMacTests.swift in Sources */ = {isa = PBXBuildFile; fileRef = 3D9AA9432E034C0B00F28F7C /* TestOnMacTests.swift */; };
		3D9AA94E2E034C0B00F28F7C /* TestOnMacUITests.swift in Sources */ = {isa = PBXBuildFile; fileRef = 3D9AA94D2E034C0B00F28F7C /* TestOnMacUITests.swift */; };
		3D9AA9502E034C0B00F28F7C /* TestOnMacUITestsLaunchTests.swift in Sources */ = {isa = PBXBuildFile; fileRef = 3D9AA94F2E034C0B00F28F7C /* TestOnMacUITestsLaunchTests.swift */; };
/* End PBXBuildFile section */

/* Begin PBXContainerItemProxy section */
		3D9AA9402E034C0B00F28F7C /* PBXContainerItemProxy */ = {
			isa = PBXContainerItemProxy;
			containerPortal = 3D9AA9262E034C0900F28F7C /* Project object */;
			proxyType = 1;
			remoteGlobalIDString = 3D9AA92D2E034C0900F28F7C;
			remoteInfo = TestOnMac;
		};
		3D9AA94A2E034C0B00F28F7C /* PBXContainerItemProxy */ = {
			isa = PBXContainerItemProxy;
			containerPortal = 3D9AA9262E034C0900F28F7C /* Project object */;
			proxyType = 1;
			remoteGlobalIDString = 3D9AA92D2E034C0900F28F7C;
			remoteInfo = TestOnMac;
		};
/* End PBXContainerItemProxy section */

/* Begin PBXFileReference section */
		3D378D722E0357980014DB12 /* Task.swift */ = {isa = PBXFileReference; lastKnownFileType = sourcecode.swift; path = Task.swift; sourceTree = "<group>"; };
		3D378D742E0357B10014DB12 /* TaskViewModel.swift */ = {isa = PBXFileReference; lastKnownFileType = sourcecode.swift; path = TaskViewModel.swift; sourceTree = "<group>"; };
		3D9AA92E2E034C0900F28F7C /* TestOnMac.app */ = {isa = PBXFileReference; explicitFileType = wrapper.application; includeInIndex = 0; path = TestOnMac.app; sourceTree = BUILT_PRODUCTS_DIR; };
		3D9AA9312E034C0900F28F7C /* TestOnMacApp.swift */ = {isa = PBXFileReference; lastKnownFileType = sourcecode.swift; path = TestOnMacApp.swift; sourceTree = "<group>"; };
		3D9AA9332E034C0900F28F7C /* ContentView.swift */ = {isa = PBXFileReference; lastKnownFileType = sourcecode.swift; path = ContentView.swift; sourceTree = "<group>"; };
		3D9AA9352E034C0A00F28F7C /* Assets.xcassets */ = {isa = PBXFileReference; lastKnownFileType = folder.assetcatalog; path = Assets.xcassets; sourceTree = "<group>"; };
		3D9AA9372E034C0A00F28F7C /* TestOnMac.entitlements */ = {isa = PBXFileReference; lastKnownFileType = text.plist.entitlements; path = TestOnMac.entitlements; sourceTree = "<group>"; };
		3D9AA9392E034C0A00F28F7C /* Preview Assets.xcassets */ = {isa = PBXFileReference; lastKnownFileType = folder.assetcatalog; path = "Preview Assets.xcassets"; sourceTree = "<group>"; };
		3D9AA93F2E034C0B00F28F7C /* TestOnMacTests.xctest */ = {isa = PBXFileReference; explicitFileType = wrapper.cfbundle; includeInIndex = 0; path = TestOnMacTests.xctest; sourceTree = BUILT_PRODUCTS_DIR; };
		3D9AA9432E034C0B00F28F7C /* TestOnMacTests.swift */ = {isa = PBXFileReference; lastKnownFileType = sourcecode.swift; path = TestOnMacTests.swift; sourceTree = "<group>"; };
		3D9AA9492E034C0B00F28F7C /* TestOnMacUITests.xctest */ = {isa = PBXFileReference; explicitFileType = wrapper.cfbundle; includeInIndex = 0; path = TestOnMacUITests.xctest; sourceTree = BUILT_PRODUCTS_DIR; };
		3D9AA94D2E034C0B00F28F7C /* TestOnMacUITests.swift */ = {isa = PBXFileReference; lastKnownFileType = sourcecode.swift; path = TestOnMacUITests.swift; sourceTree = "<group>"; };
		3D9AA94F2E034C0B00F28F7C /* TestOnMacUITestsLaunchTests.swift */ = {isa = PBXFileReference; lastKnownFileType = sourcecode.swift; path = TestOnMacUITestsLaunchTests.swift; sourceTree = "<group>"; };
/* End PBXFileReference section */

/* Begin PBXFrameworksBuildPhase section */
		3D9AA92B2E034C0900F28F7C /* Frameworks */ = {
			isa = PBXFrameworksBuildPhase;
			buildActionMask = 2147483647;
			files = (
			);
			runOnlyForDeploymentPostprocessing = 0;
		};
		3D9AA93C2E034C0B00F28F7C /* Frameworks */ = {
			isa = PBXFrameworksBuildPhase;
			buildActionMask = 2147483647;
			files = (
			);
			runOnlyForDeploymentPostprocessing = 0;
		};
		3D9AA9462E034C0B00F28F7C /* Frameworks */ = {
			isa = PBXFrameworksBuildPhase;
			buildActionMask = 2147483647;
			files = (
			);
			runOnlyForDeploymentPostprocessing = 0;
		};
/* End PBXFrameworksBuildPhase section */

/* Begin PBXGroup section */
		3D9AA9252E034C0900F28F7C = {
			isa = PBXGroup;
			children = (
				3D9AA9302E034C0900F28F7C /* TestOnMac */,
				3D9AA9422E034C0B00F28F7C /* TestOnMacTests */,
				3D9AA94C2E034C0B00F28F7C /* TestOnMacUITests */,
				3D9AA92F2E034C0900F28F7C /* Products */,
			);
			sourceTree = "<group>";
		};
		3D9AA92F2E034C0900F28F7C /* Products */ = {
			isa = PBXGroup;
			children = (
				3D9AA92E2E034C0900F28F7C /* TestOnMac.app */,
				3D9AA93F2E034C0B00F28F7C /* TestOnMacTests.xctest */,
				3D9AA9492E034C0B00F28F7C /* TestOnMacUITests.xctest */,
			);
			name = Products;
			sourceTree = "<group>";
		};
		3D9AA9302E034C0900F28F7C /* TestOnMac */ = {
			isa = PBXGroup;
			children = (
				3D9AA9312E034C0900F28F7C /* TestOnMacApp.swift */,
				3D9AA9332E034C0900F28F7C /* ContentView.swift */,
				3D378D742E0357B10014DB12 /* TaskViewModel.swift */,
				3D378D722E0357980014DB12 /* Task.swift */,
				3D9AA9352E034C0A00F28F7C /* Assets.xcassets */,
				3D9AA9372E034C0A00F28F7C /* TestOnMac.entitlements */,
				3D9AA9382E034C0A00F28F7C /* Preview Content */,
			);
			path = TestOnMac;
			sourceTree = "<group>";
		};
		3D9AA9382E034C0A00F28F7C /* Preview Content */ = {
			isa = PBXGroup;
			children = (
				3D9AA9392E034C0A00F28F7C /* Preview Assets.xcassets */,
			);
			path = "Preview Content";
			sourceTree = "<group>";
		};
		3D9AA9422E034C0B00F28F7C /* TestOnMacTests */ = {
			isa = PBXGroup;
			children = (
				3D9AA9432E034C0B00F28F7C /* TestOnMacTests.swift */,
			);
			path = TestOnMacTests;
			sourceTree = "<group>";
		};
		3D9AA94C2E034C0B00F28F7C /* TestOnMacUITests */ = {
			isa = PBXGroup;
			children = (
				3D9AA94D2E034C0B00F28F7C /* TestOnMacUITests.swift */,
				3D9AA94F2E034C0B00F28F7C /* TestOnMacUITestsLaunchTests.swift */,
			);
			path = TestOnMacUITests;
			sourceTree = "<group>";
		};
/* End PBXGroup section */

/* Begin PBXNativeTarget section */
		3D9AA92D2E034C0900F28F7C /* TestOnMac */ = {
			isa = PBXNativeTarget;
			buildConfigurationList = 3D9AA9532E034C0B00F28F7C /* Build configuration list for PBXNativeTarget "TestOnMac" */;
			buildPhases = (
				3D9AA92A2E034C0900F28F7C /* Sources */,
				3D9AA92B2E034C0900F28F7C /* Frameworks */,
				3D9AA92C2E034C0900F28F7C /* Resources */,
			);
			buildRules = (
			);
			dependencies = (
			);
			name = TestOnMac;
			productName = TestOnMac;
			productReference = 3D9AA92E2E034C0900F28F7C /* TestOnMac.app */;
			productType = "com.apple.product-type.application";
		};
		3D9AA93E2E034C0B00F28F7C /* TestOnMacTests */ = {
			isa = PBXNativeTarget;
			buildConfigurationList = 3D9AA9562E034C0B00F28F7C /* Build configuration list for PBXNativeTarget "TestOnMacTests" */;
			buildPhases = (
				3D9AA93B2E034C0B00F28F7C /* Sources */,
				3D9AA93C2E034C0B00F28F7C /* Frameworks */,
				3D9AA93D2E034C0B00F28F7C /* Resources */,
			);
			buildRules = (
			);
			dependencies = (
				3D9AA9412E034C0B00F28F7C /* PBXTargetDependency */,
			);
			name = TestOnMacTests;
			productName = TestOnMacTests;
			productReference = 3D9AA93F2E034C0B00F28F7C /* TestOnMacTests.xctest */;
			productType = "com.apple.product-type.bundle.unit-test";
		};
		3D9AA9482E034C0B00F28F7C /* TestOnMacUITests */ = {
			isa = PBXNativeTarget;
			buildConfigurationList = 3D9AA9592E034C0B00F28F7C /* Build configuration list for PBXNativeTarget "TestOnMacUITests" */;
			buildPhases = (
				3D9AA9452E034C0B00F28F7C /* Sources */,
				3D9AA9462E034C0B00F28F7C /* Frameworks */,
				3D9AA9472E034C0B00F28F7C /* Resources */,
			);
			buildRules = (
			);
			dependencies = (
				3D9AA94B2E034C0B00F28F7C /* PBXTargetDependency */,
			);
			name = TestOnMacUITests;
			productName = TestOnMacUITests;
			productReference = 3D9AA9492E034C0B00F28F7C /* TestOnMacUITests.xctest */;
			productType = "com.apple.product-type.bundle.ui-testing";
		};
/* End PBXNativeTarget section */

/* Begin PBXProject section */
		3D9AA9262E034C0900F28F7C /* Project object */ = {
			isa = PBXProject;
			attributes = {
				BuildIndependentTargetsInParallel = 1;
				LastSwiftUpdateCheck = 1520;
				LastUpgradeCheck = 1520;
				TargetAttributes = {
					3D9AA92D2E034C0900F28F7C = {
						CreatedOnToolsVersion = 15.2;
					};
					3D9AA93E2E034C0B00F28F7C = {
						CreatedOnToolsVersion = 15.2;
						TestTargetID = 3D9AA92D2E034C0900F28F7C;
					};
					3D9AA9482E034C0B00F28F7C = {
						CreatedOnToolsVersion = 15.2;
						TestTargetID = 3D9AA92D2E034C0900F28F7C;
					};
				};
			};
			buildConfigurationList = 3D9AA9292E034C0900F28F7C /* Build configuration list for PBXProject "TestOnMac" */;
			compatibilityVersion = "Xcode 14.0";
			developmentRegion = en;
			hasScannedForEncodings = 0;
			knownRegions = (
				en,
				Base,
			);
			mainGroup = 3D9AA9252E034C0900F28F7C;
			productRefGroup = 3D9AA92F2E034C0900F28F7C /* Products */;
			projectDirPath = "";
			projectRoot = "";
			targets = (
				3D9AA92D2E034C0900F28F7C /* TestOnMac */,
				3D9AA93E2E034C0B00F28F7C /* TestOnMacTests */,
				3D9AA9482E034C0B00F28F7C /* TestOnMacUITests */,
			);
		};
/* End PBXProject section */

/* Begin PBXResourcesBuildPhase section */
		3D9AA92C2E034C0900F28F7C /* Resources */ = {
			isa = PBXResourcesBuildPhase;
			buildActionMask = 2147483647;
			files = (
				3D9AA93A2E034C0A00F28F7C /* Preview Assets.xcassets in Resources */,
				3D9AA9362E034C0A00F28F7C /* Assets.xcassets in Resources */,
			);
			runOnlyForDeploymentPostprocessing = 0;
		};
		3D9AA93D2E034C0B00F28F7C /* Resources */ = {
			isa = PBXResourcesBuildPhase;
			buildActionMask = 2147483647;
			files = (
			);
			runOnlyForDeploymentPostprocessing = 0;
		};
		3D9AA9472E034C0B00F28F7C /* Resources */ = {
			isa = PBXResourcesBuildPhase;
			buildActionMask = 2147483647;
			files = (
			);
			runOnlyForDeploymentPostprocessing = 0;
		};
/* End PBXResourcesBuildPhase section */

/* Begin PBXSourcesBuildPhase section */
		3D9AA92A2E034C0900F28F7C /* Sources */ = {
			isa = PBXSourcesBuildPhase;
			buildActionMask = 2147483647;
			files = (
				3D9AA9342E034C0900F28F7C /* ContentView.swift in Sources */,
				3D378D752E0357B10014DB12 /* TaskViewModel.swift in Sources */,
				3D378D732E0357980014DB12 /* Task.swift in Sources */,
				3D9AA9322E034C0900F28F7C /* TestOnMacApp.swift in Sources */,
			);
			runOnlyForDeploymentPostprocessing = 0;
		};
		3D9AA93B2E034C0B00F28F7C /* Sources */ = {
			isa = PBXSourcesBuildPhase;
			buildActionMask = 2147483647;
			files = (
				3D9AA9442E034C0B00F28F7C /* TestOnMacTests.swift in Sources */,
			);
			runOnlyForDeploymentPostprocessing = 0;
		};
		3D9AA9452E034C0B00F28F7C /* Sources */ = {
			isa = PBXSourcesBuildPhase;
			buildActionMask = 2147483647;
			files = (
				3D9AA94E2E034C0B00F28F7C /* TestOnMacUITests.swift in Sources */,
				3D9AA9502E034C0B00F28F7C /* TestOnMacUITestsLaunchTests.swift in Sources */,
			);
			runOnlyForDeploymentPostprocessing = 0;
		};
/* End PBXSourcesBuildPhase section */

/* Begin PBXTargetDependency section */
		3D9AA9412E034C0B00F28F7C /* PBXTargetDependency */ = {
			isa = PBXTargetDependency;
			target = 3D9AA92D2E034C0900F28F7C /* TestOnMac */;
			targetProxy = 3D9AA9402E034C0B00F28F7C /* PBXContainerItemProxy */;
		};
		3D9AA94B2E034C0B00F28F7C /* PBXTargetDependency */ = {
			isa = PBXTargetDependency;
			target = 3D9AA92D2E034C0900F28F7C /* TestOnMac */;
			targetProxy = 3D9AA94A2E034C0B00F28F7C /* PBXContainerItemProxy */;
		};
/* End PBXTargetDependency section */

/* Begin XCBuildConfiguration section */
		3D9AA9512E034C0B00F28F7C /* Debug */ = {
			isa = XCBuildConfiguration;
			buildSettings = {
				ALWAYS_SEARCH_USER_PATHS = NO;
				ASSETCATALOG_COMPILER_GENERATE_SWIFT_ASSET_SYMBOL_EXTENSIONS = YES;
				CLANG_ANALYZER_NONNULL = YES;
				CLANG_ANALYZER_NUMBER_OBJECT_CONVERSION = YES_AGGRESSIVE;
				CLANG_CXX_LANGUAGE_STANDARD = "gnu++20";
				CLANG_ENABLE_MODULES = YES;
				CLANG_ENABLE_OBJC_ARC = YES;
				CLANG_ENABLE_OBJC_WEAK = YES;
				CLANG_WARN_BLOCK_CAPTURE_AUTORELEASING = YES;
				CLANG_WARN_BOOL_CONVERSION = YES;
				CLANG_WARN_COMMA = YES;
				CLANG_WARN_CONSTANT_CONVERSION = YES;
				CLANG_WARN_DEPRECATED_OBJC_IMPLEMENTATIONS = YES;
				CLANG_WARN_DIRECT_OBJC_ISA_USAGE = YES_ERROR;
				CLANG_WARN_DOCUMENTATION_COMMENTS = YES;
				CLANG_WARN_EMPTY_BODY = YES;
				CLANG_WARN_ENUM_CONVERSION = YES;
				CLANG_WARN_INFINITE_RECURSION = YES;
				CLANG_WARN_INT_CONVERSION = YES;
				CLANG_WARN_NON_LITERAL_NULL_CONVERSION = YES;
				CLANG_WARN_OBJC_IMPLICIT_RETAIN_SELF = YES;
				CLANG_WARN_OBJC_LITERAL_CONVERSION = YES;
				CLANG_WARN_OBJC_ROOT_CLASS = YES_ERROR;
				CLANG_WARN_QUOTED_INCLUDE_IN_FRAMEWORK_HEADER = YES;
				CLANG_WARN_RANGE_LOOP_ANALYSIS = YES;
				CLANG_WARN_STRICT_PROTOTYPES = YES;
				CLANG_WARN_SUSPICIOUS_MOVE = YES;
				CLANG_WARN_UNGUARDED_AVAILABILITY = YES_AGGRESSIVE;
				CLANG_WARN_UNREACHABLE_CODE = YES;
				CLANG_WARN__DUPLICATE_METHOD_MATCH = YES;
				COPY_PHASE_STRIP = NO;
				DEBUG_INFORMATION_FORMAT = dwarf;
				ENABLE_STRICT_OBJC_MSGSEND = YES;
				ENABLE_TESTABILITY = YES;
				ENABLE_USER_SCRIPT_SANDBOXING = YES;
				GCC_C_LANGUAGE_STANDARD = gnu17;
				GCC_DYNAMIC_NO_PIC = NO;
				GCC_NO_COMMON_BLOCKS = YES;
				GCC_OPTIMIZATION_LEVEL = 0;
				GCC_PREPROCESSOR_DEFINITIONS = (
					"DEBUG=1",
					"$(inherited)",
				);
				GCC_WARN_64_TO_32_BIT_CONVERSION = YES;
				GCC_WARN_ABOUT_RETURN_TYPE = YES_ERROR;
				GCC_WARN_UNDECLARED_SELECTOR = YES;
				GCC_WARN_UNINITIALIZED_AUTOS = YES_AGGRESSIVE;
				GCC_WARN_UNUSED_FUNCTION = YES;
				GCC_WARN_UNUSED_VARIABLE = YES;
				LOCALIZATION_PREFERS_STRING_CATALOGS = YES;
				MTL_ENABLE_DEBUG_INFO = INCLUDE_SOURCE;
				MTL_FAST_MATH = YES;
				ONLY_ACTIVE_ARCH = YES;
				SWIFT_ACTIVE_COMPILATION_CONDITIONS = "DEBUG $(inherited)";
				SWIFT_OPTIMIZATION_LEVEL = "-Onone";
			};
			name = Debug;
		};
		3D9AA9522E034C0B00F28F7C /* Release */ = {
			isa = XCBuildConfiguration;
			buildSettings = {
				ALWAYS_SEARCH_USER_PATHS = NO;
				ASSETCATALOG_COMPILER_GENERATE_SWIFT_ASSET_SYMBOL_EXTENSIONS = YES;
				CLANG_ANALYZER_NONNULL = YES;
				CLANG_ANALYZER_NUMBER_OBJECT_CONVERSION = YES_AGGRESSIVE;
				CLANG_CXX_LANGUAGE_STANDARD = "gnu++20";
				CLANG_ENABLE_MODULES = YES;
				CLANG_ENABLE_OBJC_ARC = YES;
				CLANG_ENABLE_OBJC_WEAK = YES;
				CLANG_WARN_BLOCK_CAPTURE_AUTORELEASING = YES;
				CLANG_WARN_BOOL_CONVERSION = YES;
				CLANG_WARN_COMMA = YES;
				CLANG_WARN_CONSTANT_CONVERSION = YES;
				CLANG_WARN_DEPRECATED_OBJC_IMPLEMENTATIONS = YES;
				CLANG_WARN_DIRECT_OBJC_ISA_USAGE = YES_ERROR;
				CLANG_WARN_DOCUMENTATION_COMMENTS = YES;
				CLANG_WARN_EMPTY_BODY = YES;
				CLANG_WARN_ENUM_CONVERSION = YES;
				CLANG_WARN_INFINITE_RECURSION = YES;
				CLANG_WARN_INT_CONVERSION = YES;
				CLANG_WARN_NON_LITERAL_NULL_CONVERSION = YES;
				CLANG_WARN_OBJC_IMPLICIT_RETAIN_SELF = YES;
				CLANG_WARN_OBJC_LITERAL_CONVERSION = YES;
				CLANG_WARN_OBJC_ROOT_CLASS = YES_ERROR;
				CLANG_WARN_QUOTED_INCLUDE_IN_FRAMEWORK_HEADER = YES;
				CLANG_WARN_RANGE_LOOP_ANALYSIS = YES;
				CLANG_WARN_STRICT_PROTOTYPES = YES;
				CLANG_WARN_SUSPICIOUS_MOVE = YES;
				CLANG_WARN_UNGUARDED_AVAILABILITY = YES_AGGRESSIVE;
				CLANG_WARN_UNREACHABLE_CODE = YES;
				CLANG_WARN__DUPLICATE_METHOD_MATCH = YES;
				COPY_PHASE_STRIP = NO;
				DEBUG_INFORMATION_FORMAT = "dwarf-with-dsym";
				ENABLE_NS_ASSERTIONS = NO;
				ENABLE_STRICT_OBJC_MSGSEND = YES;
				ENABLE_USER_SCRIPT_SANDBOXING = YES;
				GCC_C_LANGUAGE_STANDARD = gnu17;
				GCC_NO_COMMON_BLOCKS = YES;
				GCC_WARN_64_TO_32_BIT_CONVERSION = YES;
				GCC_WARN_ABOUT_RETURN_TYPE = YES_ERROR;
				GCC_WARN_UNDECLARED_SELECTOR = YES;
				GCC_WARN_UNINITIALIZED_AUTOS = YES_AGGRESSIVE;
				GCC_WARN_UNUSED_FUNCTION = YES;
				GCC_WARN_UNUSED_VARIABLE = YES;
				LOCALIZATION_PREFERS_STRING_CATALOGS = YES;
				MTL_ENABLE_DEBUG_INFO = NO;
				MTL_FAST_MATH = YES;
				SWIFT_COMPILATION_MODE = wholemodule;
			};
			name = Release;
		};
		3D9AA9542E034C0B00F28F7C /* Debug */ = {
			isa = XCBuildConfiguration;
			buildSettings = {
				ASSETCATALOG_COMPILER_APPICON_NAME = AppIcon;
				ASSETCATALOG_COMPILER_GLOBAL_ACCENT_COLOR_NAME = AccentColor;
				CODE_SIGN_ENTITLEMENTS = TestOnMac/TestOnMac.entitlements;
				CODE_SIGN_STYLE = Automatic;
				CURRENT_PROJECT_VERSION = 1;
				DEVELOPMENT_ASSET_PATHS = "\"TestOnMac/Preview Content\"";
				DEVELOPMENT_TEAM = 74B84USG2C;
				ENABLE_PREVIEWS = YES;
				GENERATE_INFOPLIST_FILE = YES;
				"INFOPLIST_KEY_UIApplicationSceneManifest_Generation[sdk=iphoneos*]" = YES;
				"INFOPLIST_KEY_UIApplicationSceneManifest_Generation[sdk=iphonesimulator*]" = YES;
				"INFOPLIST_KEY_UIApplicationSupportsIndirectInputEvents[sdk=iphoneos*]" = YES;
				"INFOPLIST_KEY_UIApplicationSupportsIndirectInputEvents[sdk=iphonesimulator*]" = YES;
				"INFOPLIST_KEY_UILaunchScreen_Generation[sdk=iphoneos*]" = YES;
				"INFOPLIST_KEY_UILaunchScreen_Generation[sdk=iphonesimulator*]" = YES;
				"INFOPLIST_KEY_UIStatusBarStyle[sdk=iphoneos*]" = UIStatusBarStyleDefault;
				"INFOPLIST_KEY_UIStatusBarStyle[sdk=iphonesimulator*]" = UIStatusBarStyleDefault;
				INFOPLIST_KEY_UISupportedInterfaceOrientations_iPad = "UIInterfaceOrientationPortrait UIInterfaceOrientationPortraitUpsideDown UIInterfaceOrientationLandscapeLeft UIInterfaceOrientationLandscapeRight";
				INFOPLIST_KEY_UISupportedInterfaceOrientations_iPhone = "UIInterfaceOrientationPortrait UIInterfaceOrientationLandscapeLeft UIInterfaceOrientationLandscapeRight";
				IPHONEOS_DEPLOYMENT_TARGET = 17.2;
				LD_RUNPATH_SEARCH_PATHS = "@executable_path/Frameworks";
				"LD_RUNPATH_SEARCH_PATHS[sdk=macosx*]" = "@executable_path/../Frameworks";
				MACOSX_DEPLOYMENT_TARGET = 13.7;
				MARKETING_VERSION = 1.0;
				PRODUCT_BUNDLE_IDENTIFIER = Rocks0.TestOnMac;
				PRODUCT_NAME = "$(TARGET_NAME)";
				SDKROOT = auto;
				SUPPORTED_PLATFORMS = "iphoneos iphonesimulator macosx";
				SWIFT_EMIT_LOC_STRINGS = YES;
				SWIFT_VERSION = 5.0;
				TARGETED_DEVICE_FAMILY = "1,2";
			};
			name = Debug;
		};
		3D9AA9552E034C0B00F28F7C /* Release */ = {
			isa = XCBuildConfiguration;
			buildSettings = {
				ASSETCATALOG_COMPILER_APPICON_NAME = AppIcon;
				ASSETCATALOG_COMPILER_GLOBAL_ACCENT_COLOR_NAME = AccentColor;
				CODE_SIGN_ENTITLEMENTS = TestOnMac/TestOnMac.entitlements;
				CODE_SIGN_STYLE = Automatic;
				CURRENT_PROJECT_VERSION = 1;
				DEVELOPMENT_ASSET_PATHS = "\"TestOnMac/Preview Content\"";
				DEVELOPMENT_TEAM = 74B84USG2C;
				ENABLE_PREVIEWS = YES;
				GENERATE_INFOPLIST_FILE = YES;
				"INFOPLIST_KEY_UIApplicationSceneManifest_Generation[sdk=iphoneos*]" = YES;
				"INFOPLIST_KEY_UIApplicationSceneManifest_Generation[sdk=iphonesimulator*]" = YES;
				"INFOPLIST_KEY_UIApplicationSupportsIndirectInputEvents[sdk=iphoneos*]" = YES;
				"INFOPLIST_KEY_UIApplicationSupportsIndirectInputEvents[sdk=iphonesimulator*]" = YES;
				"INFOPLIST_KEY_UILaunchScreen_Generation[sdk=iphoneos*]" = YES;
				"INFOPLIST_KEY_UILaunchScreen_Generation[sdk=iphonesimulator*]" = YES;
				"INFOPLIST_KEY_UIStatusBarStyle[sdk=iphoneos*]" = UIStatusBarStyleDefault;
				"INFOPLIST_KEY_UIStatusBarStyle[sdk=iphonesimulator*]" = UIStatusBarStyleDefault;
				INFOPLIST_KEY_UISupportedInterfaceOrientations_iPad = "UIInterfaceOrientationPortrait UIInterfaceOrientationPortraitUpsideDown UIInterfaceOrientationLandscapeLeft UIInterfaceOrientationLandscapeRight";
				INFOPLIST_KEY_UISupportedInterfaceOrientations_iPhone = "UIInterfaceOrientationPortrait UIInterfaceOrientationLandscapeLeft UIInterfaceOrientationLandscapeRight";
				IPHONEOS_DEPLOYMENT_TARGET = 17.2;
				LD_RUNPATH_SEARCH_PATHS = "@executable_path/Frameworks";
				"LD_RUNPATH_SEARCH_PATHS[sdk=macosx*]" = "@executable_path/../Frameworks";
				MACOSX_DEPLOYMENT_TARGET = 13.7;
				MARKETING_VERSION = 1.0;
				PRODUCT_BUNDLE_IDENTIFIER = Rocks0.TestOnMac;
				PRODUCT_NAME = "$(TARGET_NAME)";
				SDKROOT = auto;
				SUPPORTED_PLATFORMS = "iphoneos iphonesimulator macosx";
				SWIFT_EMIT_LOC_STRINGS = YES;
				SWIFT_VERSION = 5.0;
				TARGETED_DEVICE_FAMILY = "1,2";
			};
			name = Release;
		};
		3D9AA9572E034C0B00F28F7C /* Debug */ = {
			isa = XCBuildConfiguration;
			buildSettings = {
				ALWAYS_EMBED_SWIFT_STANDARD_LIBRARIES = YES;
				BUNDLE_LOADER = "$(TEST_HOST)";
				CODE_SIGN_STYLE = Automatic;
				CURRENT_PROJECT_VERSION = 1;
				GENERATE_INFOPLIST_FILE = YES;
				IPHONEOS_DEPLOYMENT_TARGET = 17.2;
				MACOSX_DEPLOYMENT_TARGET = 13.7;
				MARKETING_VERSION = 1.0;
				PRODUCT_BUNDLE_IDENTIFIER = Rocks0.TestOnMacTests;
				PRODUCT_NAME = "$(TARGET_NAME)";
				SDKROOT = auto;
				SUPPORTED_PLATFORMS = "iphoneos iphonesimulator macosx";
				SWIFT_EMIT_LOC_STRINGS = NO;
				SWIFT_VERSION = 5.0;
				TARGETED_DEVICE_FAMILY = "1,2";
				TEST_HOST = "$(BUILT_PRODUCTS_DIR)/TestOnMac.app/$(BUNDLE_EXECUTABLE_FOLDER_PATH)/TestOnMac";
			};
			name = Debug;
		};
		3D9AA9582E034C0B00F28F7C /* Release */ = {
			isa = XCBuildConfiguration;
			buildSettings = {
				ALWAYS_EMBED_SWIFT_STANDARD_LIBRARIES = YES;
				BUNDLE_LOADER = "$(TEST_HOST)";
				CODE_SIGN_STYLE = Automatic;
				CURRENT_PROJECT_VERSION = 1;
				GENERATE_INFOPLIST_FILE = YES;
				IPHONEOS_DEPLOYMENT_TARGET = 17.2;
				MACOSX_DEPLOYMENT_TARGET = 13.7;
				MARKETING_VERSION = 1.0;
				PRODUCT_BUNDLE_IDENTIFIER = Rocks0.TestOnMacTests;
				PRODUCT_NAME = "$(TARGET_NAME)";
				SDKROOT = auto;
				SUPPORTED_PLATFORMS = "iphoneos iphonesimulator macosx";
				SWIFT_EMIT_LOC_STRINGS = NO;
				SWIFT_VERSION = 5.0;
				TARGETED_DEVICE_FAMILY = "1,2";
				TEST_HOST = "$(BUILT_PRODUCTS_DIR)/TestOnMac.app/$(BUNDLE_EXECUTABLE_FOLDER_PATH)/TestOnMac";
			};
			name = Release;
		};
		3D9AA95A2E034C0B00F28F7C /* Debug */ = {
			isa = XCBuildConfiguration;
			buildSettings = {
				ALWAYS_EMBED_SWIFT_STANDARD_LIBRARIES = YES;
				CODE_SIGN_STYLE = Automatic;
				CURRENT_PROJECT_VERSION = 1;
				GENERATE_INFOPLIST_FILE = YES;
				IPHONEOS_DEPLOYMENT_TARGET = 17.2;
				MACOSX_DEPLOYMENT_TARGET = 13.7;
				MARKETING_VERSION = 1.0;
				PRODUCT_BUNDLE_IDENTIFIER = Rocks0.TestOnMacUITests;
				PRODUCT_NAME = "$(TARGET_NAME)";
				SDKROOT = auto;
				SUPPORTED_PLATFORMS = "iphoneos iphonesimulator macosx";
				SWIFT_EMIT_LOC_STRINGS = NO;
				SWIFT_VERSION = 5.0;
				TARGETED_DEVICE_FAMILY = "1,2";
				TEST_TARGET_NAME = TestOnMac;
			};
			name = Debug;
		};
		3D9AA95B2E034C0B00F28F7C /* Release */ = {
			isa = XCBuildConfiguration;
			buildSettings = {
				ALWAYS_EMBED_SWIFT_STANDARD_LIBRARIES = YES;
				CODE_SIGN_STYLE = Automatic;
				CURRENT_PROJECT_VERSION = 1;
				GENERATE_INFOPLIST_FILE = YES;
				IPHONEOS_DEPLOYMENT_TARGET = 17.2;
				MACOSX_DEPLOYMENT_TARGET = 13.7;
				MARKETING_VERSION = 1.0;
				PRODUCT_BUNDLE_IDENTIFIER = Rocks0.TestOnMacUITests;
				PRODUCT_NAME = "$(TARGET_NAME)";
				SDKROOT = auto;
				SUPPORTED_PLATFORMS = "iphoneos iphonesimulator macosx";
				SWIFT_EMIT_LOC_STRINGS = NO;
				SWIFT_VERSION = 5.0;
				TARGETED_DEVICE_FAMILY = "1,2";
				TEST_TARGET_NAME = TestOnMac;
			};
			name = Release;
		};
/* End XCBuildConfiguration section */

/* Begin XCConfigurationList section */
		3D9AA9292E034C0900F28F7C /* Build configuration list for PBXProject "TestOnMac" */ = {
			isa = XCConfigurationList;
			buildConfigurations = (
				3D9AA9512E034C0B00F28F7C /* Debug */,
				3D9AA9522E034C0B00F28F7C /* Release */,
			);
			defaultConfigurationIsVisible = 0;
			defaultConfigurationName = Release;
		};
		3D9AA9532E034C0B00F28F7C /* Build configuration list for PBXNativeTarget "TestOnMac" */ = {
			isa = XCConfigurationList;
			buildConfigurations = (
				3D9AA9542E034C0B00F28F7C /* Debug */,
				3D9AA9552E034C0B00F28F7C /* Release */,
			);
			defaultConfigurationIsVisible = 0;
			defaultConfigurationName = Release;
		};
		3D9AA9562E034C0B00F28F7C /* Build configuration list for PBXNativeTarget "TestOnMacTests" */ = {
			isa = XCConfigurationList;
			buildConfigurations = (
				3D9AA9572E034C0B00F28F7C /* Debug */,
				3D9AA9582E034C0B00F28F7C /* Release */,
			);
			defaultConfigurationIsVisible = 0;
			defaultConfigurationName = Release;
		};
		3D9AA9592E034C0B00F28F7C /* Build configuration list for PBXNativeTarget "TestOnMacUITests" */ = {
			isa = XCConfigurationList;
			buildConfigurations = (
				3D9AA95A2E034C0B00F28F7C /* Debug */,
				3D9AA95B2E034C0B00F28F7C /* Release */,
			);
			defaultConfigurationIsVisible = 0;
			defaultConfigurationName = Release;
		};
/* End XCConfigurationList section */
	};
	rootObject = 3D9AA9262E034C0900F28F7C /* Project object */;
}
